// !$*UTF8*$!
{
	archiveVersion = 1;
	classes = {
	};
	objectVersion = 51;
	objects = {

/* Begin PBXBuildFile section */
		C9EBDE53C3D6FCE12B4C3DCE /* Pods_FoodDelivery.framework in Frameworks */ = {isa = PBXBuildFile; fileRef = 418735F5CFEE1277BD02358E /* Pods_FoodDelivery.framework */; };
		F63C97F225FB43710052C0B8 /* ProductStorageService.swift in Sources */ = {isa = PBXBuildFile; fileRef = F63C97F125FB43710052C0B8 /* ProductStorageService.swift */; };
		F63C97F625FB51D80052C0B8 /* ProductViewControllerDelegate.swift in Sources */ = {isa = PBXBuildFile; fileRef = F63C97F525FB51D80052C0B8 /* ProductViewControllerDelegate.swift */; };
		F63C97F925FB6A7C0052C0B8 /* CartViewControllerProtocol.swift in Sources */ = {isa = PBXBuildFile; fileRef = F63C97F825FB6A7C0052C0B8 /* CartViewControllerProtocol.swift */; };
		F63C97FC25FB6A8D0052C0B8 /* CartPresenterProtocol.swift in Sources */ = {isa = PBXBuildFile; fileRef = F63C97FB25FB6A8D0052C0B8 /* CartPresenterProtocol.swift */; };
		F63C97FF25FB6A9E0052C0B8 /* CartInteractorProtocol.swift in Sources */ = {isa = PBXBuildFile; fileRef = F63C97FE25FB6A9E0052C0B8 /* CartInteractorProtocol.swift */; };
		F63C980625FB6ACB0052C0B8 /* CartRouterProtocol.swift in Sources */ = {isa = PBXBuildFile; fileRef = F63C980525FB6ACB0052C0B8 /* CartRouterProtocol.swift */; };
		F63C980925FB6AE10052C0B8 /* CartAssemblyProtocol.swift in Sources */ = {isa = PBXBuildFile; fileRef = F63C980825FB6AE10052C0B8 /* CartAssemblyProtocol.swift */; };
		F63C980C25FB6AF90052C0B8 /* CartPresenter.swift in Sources */ = {isa = PBXBuildFile; fileRef = F63C980B25FB6AF90052C0B8 /* CartPresenter.swift */; };
		F63C980F25FB6B080052C0B8 /* CartInteractor.swift in Sources */ = {isa = PBXBuildFile; fileRef = F63C980E25FB6B080052C0B8 /* CartInteractor.swift */; };
		F63C981225FB6B130052C0B8 /* CartRouter.swift in Sources */ = {isa = PBXBuildFile; fileRef = F63C981125FB6B130052C0B8 /* CartRouter.swift */; };
		F63C981525FB6B1E0052C0B8 /* CartAssembly.swift in Sources */ = {isa = PBXBuildFile; fileRef = F63C981425FB6B1E0052C0B8 /* CartAssembly.swift */; };
		F63C981B25FB70200052C0B8 /* CartTableViewCell.swift in Sources */ = {isa = PBXBuildFile; fileRef = F63C981A25FB70200052C0B8 /* CartTableViewCell.swift */; };
		F63C982025FB7DD20052C0B8 /* CartEnumerations.swift in Sources */ = {isa = PBXBuildFile; fileRef = F63C981F25FB7DD20052C0B8 /* CartEnumerations.swift */; };
		F63C982525FB82EC0052C0B8 /* CartProduct.swift in Sources */ = {isa = PBXBuildFile; fileRef = F63C982425FB82EC0052C0B8 /* CartProduct.swift */; };
		F63C982825FBD9140052C0B8 /* CartCheckoutView.swift in Sources */ = {isa = PBXBuildFile; fileRef = F63C982725FBD9140052C0B8 /* CartCheckoutView.swift */; };
		F63FD57625F535AA00C43CCF /* ScrollableHorizontalStackView.swift in Sources */ = {isa = PBXBuildFile; fileRef = F63FD57525F535AA00C43CCF /* ScrollableHorizontalStackView.swift */; };
		F6788B3825F7495000D5FE22 /* ProductTypeButton.swift in Sources */ = {isa = PBXBuildFile; fileRef = F6788B3725F7495000D5FE22 /* ProductTypeButton.swift */; };
		F6788B3B25F7B7B900D5FE22 /* MenuConstants.swift in Sources */ = {isa = PBXBuildFile; fileRef = F6788B3A25F7B7B900D5FE22 /* MenuConstants.swift */; };
		F6788B4125F7CC0C00D5FE22 /* ProductTableViewCell.swift in Sources */ = {isa = PBXBuildFile; fileRef = F6788B4025F7CC0C00D5FE22 /* ProductTableViewCell.swift */; };
		F6788B4625F7F41500D5FE22 /* MenuProduct.swift in Sources */ = {isa = PBXBuildFile; fileRef = F6788B4525F7F41500D5FE22 /* MenuProduct.swift */; };
		F67D4BA125FFCD5000F52AFB /* OrderViewControllerDelegate.swift in Sources */ = {isa = PBXBuildFile; fileRef = F67D4BA025FFCD5000F52AFB /* OrderViewControllerDelegate.swift */; };
		F685EDFC25FA3D1700493CB9 /* GoogleService-Info.plist in Resources */ = {isa = PBXBuildFile; fileRef = F685EDFB25FA3D1700493CB9 /* GoogleService-Info.plist */; };
		F685EDFF25FA3E5B00493CB9 /* ProductTypes.swift in Sources */ = {isa = PBXBuildFile; fileRef = F685EDFE25FA3E5B00493CB9 /* ProductTypes.swift */; };
		F685EE0325FA499300493CB9 /* ServerService.swift in Sources */ = {isa = PBXBuildFile; fileRef = F685EE0225FA499300493CB9 /* ServerService.swift */; };
		F685EE1C25FA49A600493CB9 /* StorageService.swift in Sources */ = {isa = PBXBuildFile; fileRef = F685EE1B25FA49A600493CB9 /* StorageService.swift */; };
		F685EE1F25FA806800493CB9 /* MainTabBarController.swift in Sources */ = {isa = PBXBuildFile; fileRef = F685EE1E25FA806800493CB9 /* MainTabBarController.swift */; };
		F685EE2225FA83BA00493CB9 /* CartViewController.swift in Sources */ = {isa = PBXBuildFile; fileRef = F685EE2125FA83BA00493CB9 /* CartViewController.swift */; };
		F685EE2625FA953700493CB9 /* MenuEnumerations.swift in Sources */ = {isa = PBXBuildFile; fileRef = F685EE2525FA953700493CB9 /* MenuEnumerations.swift */; };
		F69372F925F36FEA00494011 /* AppDelegate.swift in Sources */ = {isa = PBXBuildFile; fileRef = F69372F825F36FEA00494011 /* AppDelegate.swift */; };
		F69372FB25F36FEA00494011 /* SceneDelegate.swift in Sources */ = {isa = PBXBuildFile; fileRef = F69372FA25F36FEA00494011 /* SceneDelegate.swift */; };
		F693730225F36FEB00494011 /* Assets.xcassets in Resources */ = {isa = PBXBuildFile; fileRef = F693730125F36FEB00494011 /* Assets.xcassets */; };
		F693730525F36FEB00494011 /* LaunchScreen.storyboard in Resources */ = {isa = PBXBuildFile; fileRef = F693730325F36FEB00494011 /* LaunchScreen.storyboard */; };
		F693731625F403C300494011 /* MenuViewController.swift in Sources */ = {isa = PBXBuildFile; fileRef = F693731525F403C300494011 /* MenuViewController.swift */; };
		F693731A25F403E700494011 /* MenuViewControllerProtocol.swift in Sources */ = {isa = PBXBuildFile; fileRef = F693731925F403E700494011 /* MenuViewControllerProtocol.swift */; };
		F693731D25F4041200494011 /* MenuPresenterProtocol.swift in Sources */ = {isa = PBXBuildFile; fileRef = F693731C25F4041200494011 /* MenuPresenterProtocol.swift */; };
		F693732025F4042900494011 /* MenuPresenter.swift in Sources */ = {isa = PBXBuildFile; fileRef = F693731F25F4042900494011 /* MenuPresenter.swift */; };
		F693732325F4045F00494011 /* MenuInteractorProtocol.swift in Sources */ = {isa = PBXBuildFile; fileRef = F693732225F4045F00494011 /* MenuInteractorProtocol.swift */; };
		F693732625F4047600494011 /* MenuInteractor.swift in Sources */ = {isa = PBXBuildFile; fileRef = F693732525F4047600494011 /* MenuInteractor.swift */; };
		F693732925F4049B00494011 /* MenuRouterProtocol.swift in Sources */ = {isa = PBXBuildFile; fileRef = F693732825F4049B00494011 /* MenuRouterProtocol.swift */; };
		F693732C25F404AF00494011 /* MenuRouter.swift in Sources */ = {isa = PBXBuildFile; fileRef = F693732B25F404AF00494011 /* MenuRouter.swift */; };
		F693733225F4055700494011 /* MenuAssembly.swift in Sources */ = {isa = PBXBuildFile; fileRef = F693733125F4055700494011 /* MenuAssembly.swift */; };
		F693733625F409DD00494011 /* ProductViewController.swift in Sources */ = {isa = PBXBuildFile; fileRef = F693733525F409DD00494011 /* ProductViewController.swift */; };
		F693733925F409F900494011 /* ProductViewControllerProtocol.swift in Sources */ = {isa = PBXBuildFile; fileRef = F693733825F409F900494011 /* ProductViewControllerProtocol.swift */; };
		F693734125F40BEA00494011 /* ProductPresenter.swift in Sources */ = {isa = PBXBuildFile; fileRef = F693734025F40BEA00494011 /* ProductPresenter.swift */; };
		F693734425F40BFF00494011 /* ProductPresenterProtocol.swift in Sources */ = {isa = PBXBuildFile; fileRef = F693734325F40BFF00494011 /* ProductPresenterProtocol.swift */; };
		F693734725F40C1800494011 /* ProductInteractor.swift in Sources */ = {isa = PBXBuildFile; fileRef = F693734625F40C1800494011 /* ProductInteractor.swift */; };
		F693734A25F40C2A00494011 /* ProductInteractorProtocol.swift in Sources */ = {isa = PBXBuildFile; fileRef = F693734925F40C2A00494011 /* ProductInteractorProtocol.swift */; };
		F693735325F40C7500494011 /* ProductAssembly.swift in Sources */ = {isa = PBXBuildFile; fileRef = F693735225F40C7500494011 /* ProductAssembly.swift */; };
		F693912B25F697DD0039068E /* UIView + Extension.swift in Sources */ = {isa = PBXBuildFile; fileRef = F693912A25F697DD0039068E /* UIView + Extension.swift */; };
		F6BCB7B825FF45ED00DD0A1D /* OrderViewController.swift in Sources */ = {isa = PBXBuildFile; fileRef = F6BCB7B725FF45ED00DD0A1D /* OrderViewController.swift */; };
		F6BCB7BB25FF460300DD0A1D /* OrderViewControllerProtocol.swift in Sources */ = {isa = PBXBuildFile; fileRef = F6BCB7BA25FF460300DD0A1D /* OrderViewControllerProtocol.swift */; };
		F6BCB7BE25FF461200DD0A1D /* OrderPresenterProtocol.swift in Sources */ = {isa = PBXBuildFile; fileRef = F6BCB7BD25FF461200DD0A1D /* OrderPresenterProtocol.swift */; };
		F6BCB7C125FF464500DD0A1D /* OrderPresenter.swift in Sources */ = {isa = PBXBuildFile; fileRef = F6BCB7C025FF464500DD0A1D /* OrderPresenter.swift */; };
		F6BCB7C425FF465F00DD0A1D /* OrderInteractorProtocol.swift in Sources */ = {isa = PBXBuildFile; fileRef = F6BCB7C325FF465F00DD0A1D /* OrderInteractorProtocol.swift */; };
		F6BCB7C725FF467500DD0A1D /* OrderInteractor.swift in Sources */ = {isa = PBXBuildFile; fileRef = F6BCB7C625FF467500DD0A1D /* OrderInteractor.swift */; };
		F6BCB7CA25FF468C00DD0A1D /* OrderRouterProtocol.swift in Sources */ = {isa = PBXBuildFile; fileRef = F6BCB7C925FF468C00DD0A1D /* OrderRouterProtocol.swift */; };
		F6BCB7CD25FF46AC00DD0A1D /* OrderRouter.swift in Sources */ = {isa = PBXBuildFile; fileRef = F6BCB7CC25FF46AC00DD0A1D /* OrderRouter.swift */; };
		F6BCB7D025FF46C000DD0A1D /* OrderAssembly.swift in Sources */ = {isa = PBXBuildFile; fileRef = F6BCB7CF25FF46C000DD0A1D /* OrderAssembly.swift */; };
		F6BCB7D625FF56A100DD0A1D /* UserInfoView.swift in Sources */ = {isa = PBXBuildFile; fileRef = F6BCB7D525FF56A100DD0A1D /* UserInfoView.swift */; };
		F6BCB7D925FF5C0F00DD0A1D /* UITextField + Extension.swift in Sources */ = {isa = PBXBuildFile; fileRef = F6BCB7D825FF5C0F00DD0A1D /* UITextField + Extension.swift */; };
		F6BCB7DD25FF635400DD0A1D /* UserInfo.swift in Sources */ = {isa = PBXBuildFile; fileRef = F6BCB7DC25FF635400DD0A1D /* UserInfo.swift */; };
		F6BCB7E025FF803A00DD0A1D /* OrderInfo.swift in Sources */ = {isa = PBXBuildFile; fileRef = F6BCB7DF25FF803A00DD0A1D /* OrderInfo.swift */; };
/* End PBXBuildFile section */

/* Begin PBXFileReference section */
		418735F5CFEE1277BD02358E /* Pods_FoodDelivery.framework */ = {isa = PBXFileReference; explicitFileType = wrapper.framework; includeInIndex = 0; path = Pods_FoodDelivery.framework; sourceTree = BUILT_PRODUCTS_DIR; };
		D89686553799BC382B066848 /* Pods-FoodDelivery.debug.xcconfig */ = {isa = PBXFileReference; includeInIndex = 1; lastKnownFileType = text.xcconfig; name = "Pods-FoodDelivery.debug.xcconfig"; path = "Target Support Files/Pods-FoodDelivery/Pods-FoodDelivery.debug.xcconfig"; sourceTree = "<group>"; };
		F448661929E52EE11C3E72CB /* Pods-FoodDelivery.release.xcconfig */ = {isa = PBXFileReference; includeInIndex = 1; lastKnownFileType = text.xcconfig; name = "Pods-FoodDelivery.release.xcconfig"; path = "Target Support Files/Pods-FoodDelivery/Pods-FoodDelivery.release.xcconfig"; sourceTree = "<group>"; };
		F63C97F125FB43710052C0B8 /* ProductStorageService.swift */ = {isa = PBXFileReference; lastKnownFileType = sourcecode.swift; path = ProductStorageService.swift; sourceTree = "<group>"; };
		F63C97F525FB51D80052C0B8 /* ProductViewControllerDelegate.swift */ = {isa = PBXFileReference; lastKnownFileType = sourcecode.swift; path = ProductViewControllerDelegate.swift; sourceTree = "<group>"; };
		F63C97F825FB6A7C0052C0B8 /* CartViewControllerProtocol.swift */ = {isa = PBXFileReference; fileEncoding = 4; lastKnownFileType = sourcecode.swift; path = CartViewControllerProtocol.swift; sourceTree = "<group>"; };
		F63C97FB25FB6A8D0052C0B8 /* CartPresenterProtocol.swift */ = {isa = PBXFileReference; fileEncoding = 4; lastKnownFileType = sourcecode.swift; path = CartPresenterProtocol.swift; sourceTree = "<group>"; };
		F63C97FE25FB6A9E0052C0B8 /* CartInteractorProtocol.swift */ = {isa = PBXFileReference; fileEncoding = 4; lastKnownFileType = sourcecode.swift; path = CartInteractorProtocol.swift; sourceTree = "<group>"; };
		F63C980525FB6ACB0052C0B8 /* CartRouterProtocol.swift */ = {isa = PBXFileReference; fileEncoding = 4; lastKnownFileType = sourcecode.swift; path = CartRouterProtocol.swift; sourceTree = "<group>"; };
		F63C980825FB6AE10052C0B8 /* CartAssemblyProtocol.swift */ = {isa = PBXFileReference; fileEncoding = 4; lastKnownFileType = sourcecode.swift; path = CartAssemblyProtocol.swift; sourceTree = "<group>"; };
		F63C980B25FB6AF90052C0B8 /* CartPresenter.swift */ = {isa = PBXFileReference; fileEncoding = 4; lastKnownFileType = sourcecode.swift; path = CartPresenter.swift; sourceTree = "<group>"; };
		F63C980E25FB6B080052C0B8 /* CartInteractor.swift */ = {isa = PBXFileReference; fileEncoding = 4; lastKnownFileType = sourcecode.swift; path = CartInteractor.swift; sourceTree = "<group>"; };
		F63C981125FB6B130052C0B8 /* CartRouter.swift */ = {isa = PBXFileReference; fileEncoding = 4; lastKnownFileType = sourcecode.swift; path = CartRouter.swift; sourceTree = "<group>"; };
		F63C981425FB6B1E0052C0B8 /* CartAssembly.swift */ = {isa = PBXFileReference; fileEncoding = 4; lastKnownFileType = sourcecode.swift; name = CartAssembly.swift; path = FoodDelivery/Modules/Address/CartAssembly.swift; sourceTree = SOURCE_ROOT; };
		F63C981A25FB70200052C0B8 /* CartTableViewCell.swift */ = {isa = PBXFileReference; lastKnownFileType = sourcecode.swift; path = CartTableViewCell.swift; sourceTree = "<group>"; };
		F63C981F25FB7DD20052C0B8 /* CartEnumerations.swift */ = {isa = PBXFileReference; lastKnownFileType = sourcecode.swift; path = CartEnumerations.swift; sourceTree = "<group>"; };
		F63C982425FB82EC0052C0B8 /* CartProduct.swift */ = {isa = PBXFileReference; lastKnownFileType = sourcecode.swift; path = CartProduct.swift; sourceTree = "<group>"; };
		F63C982725FBD9140052C0B8 /* CartCheckoutView.swift */ = {isa = PBXFileReference; lastKnownFileType = sourcecode.swift; path = CartCheckoutView.swift; sourceTree = "<group>"; };
		F63FD57525F535AA00C43CCF /* ScrollableHorizontalStackView.swift */ = {isa = PBXFileReference; lastKnownFileType = sourcecode.swift; path = ScrollableHorizontalStackView.swift; sourceTree = "<group>"; };
		F6788B3725F7495000D5FE22 /* ProductTypeButton.swift */ = {isa = PBXFileReference; lastKnownFileType = sourcecode.swift; path = ProductTypeButton.swift; sourceTree = "<group>"; };
		F6788B3A25F7B7B900D5FE22 /* MenuConstants.swift */ = {isa = PBXFileReference; lastKnownFileType = sourcecode.swift; path = MenuConstants.swift; sourceTree = "<group>"; };
		F6788B4025F7CC0C00D5FE22 /* ProductTableViewCell.swift */ = {isa = PBXFileReference; lastKnownFileType = sourcecode.swift; path = ProductTableViewCell.swift; sourceTree = "<group>"; };
		F6788B4525F7F41500D5FE22 /* MenuProduct.swift */ = {isa = PBXFileReference; lastKnownFileType = sourcecode.swift; path = MenuProduct.swift; sourceTree = "<group>"; };
		F67D4BA025FFCD5000F52AFB /* OrderViewControllerDelegate.swift */ = {isa = PBXFileReference; lastKnownFileType = sourcecode.swift; path = OrderViewControllerDelegate.swift; sourceTree = "<group>"; };
		F685EDFB25FA3D1700493CB9 /* GoogleService-Info.plist */ = {isa = PBXFileReference; fileEncoding = 4; lastKnownFileType = text.plist.xml; path = "GoogleService-Info.plist"; sourceTree = "<group>"; };
		F685EDFE25FA3E5B00493CB9 /* ProductTypes.swift */ = {isa = PBXFileReference; lastKnownFileType = sourcecode.swift; path = ProductTypes.swift; sourceTree = "<group>"; };
		F685EE0225FA499300493CB9 /* ServerService.swift */ = {isa = PBXFileReference; lastKnownFileType = sourcecode.swift; path = ServerService.swift; sourceTree = "<group>"; };
		F685EE1B25FA49A600493CB9 /* StorageService.swift */ = {isa = PBXFileReference; lastKnownFileType = sourcecode.swift; path = StorageService.swift; sourceTree = "<group>"; };
		F685EE1E25FA806800493CB9 /* MainTabBarController.swift */ = {isa = PBXFileReference; lastKnownFileType = sourcecode.swift; path = MainTabBarController.swift; sourceTree = "<group>"; };
		F685EE2125FA83BA00493CB9 /* CartViewController.swift */ = {isa = PBXFileReference; lastKnownFileType = sourcecode.swift; path = CartViewController.swift; sourceTree = "<group>"; };
		F685EE2525FA953700493CB9 /* MenuEnumerations.swift */ = {isa = PBXFileReference; lastKnownFileType = sourcecode.swift; path = MenuEnumerations.swift; sourceTree = "<group>"; };
		F69372F525F36FEA00494011 /* FoodDelivery.app */ = {isa = PBXFileReference; explicitFileType = wrapper.application; includeInIndex = 0; path = FoodDelivery.app; sourceTree = BUILT_PRODUCTS_DIR; };
		F69372F825F36FEA00494011 /* AppDelegate.swift */ = {isa = PBXFileReference; lastKnownFileType = sourcecode.swift; path = AppDelegate.swift; sourceTree = "<group>"; };
		F69372FA25F36FEA00494011 /* SceneDelegate.swift */ = {isa = PBXFileReference; lastKnownFileType = sourcecode.swift; path = SceneDelegate.swift; sourceTree = "<group>"; };
		F693730125F36FEB00494011 /* Assets.xcassets */ = {isa = PBXFileReference; lastKnownFileType = folder.assetcatalog; path = Assets.xcassets; sourceTree = "<group>"; };
		F693730425F36FEB00494011 /* Base */ = {isa = PBXFileReference; lastKnownFileType = file.storyboard; name = Base; path = Base.lproj/LaunchScreen.storyboard; sourceTree = "<group>"; };
		F693730625F36FEB00494011 /* Info.plist */ = {isa = PBXFileReference; lastKnownFileType = text.plist.xml; path = Info.plist; sourceTree = "<group>"; };
		F693731525F403C300494011 /* MenuViewController.swift */ = {isa = PBXFileReference; lastKnownFileType = sourcecode.swift; path = MenuViewController.swift; sourceTree = "<group>"; };
		F693731925F403E700494011 /* MenuViewControllerProtocol.swift */ = {isa = PBXFileReference; lastKnownFileType = sourcecode.swift; path = MenuViewControllerProtocol.swift; sourceTree = "<group>"; };
		F693731C25F4041200494011 /* MenuPresenterProtocol.swift */ = {isa = PBXFileReference; lastKnownFileType = sourcecode.swift; path = MenuPresenterProtocol.swift; sourceTree = "<group>"; };
		F693731F25F4042900494011 /* MenuPresenter.swift */ = {isa = PBXFileReference; lastKnownFileType = sourcecode.swift; path = MenuPresenter.swift; sourceTree = "<group>"; };
		F693732225F4045F00494011 /* MenuInteractorProtocol.swift */ = {isa = PBXFileReference; lastKnownFileType = sourcecode.swift; path = MenuInteractorProtocol.swift; sourceTree = "<group>"; };
		F693732525F4047600494011 /* MenuInteractor.swift */ = {isa = PBXFileReference; lastKnownFileType = sourcecode.swift; path = MenuInteractor.swift; sourceTree = "<group>"; };
		F693732825F4049B00494011 /* MenuRouterProtocol.swift */ = {isa = PBXFileReference; lastKnownFileType = sourcecode.swift; path = MenuRouterProtocol.swift; sourceTree = "<group>"; };
		F693732B25F404AF00494011 /* MenuRouter.swift */ = {isa = PBXFileReference; lastKnownFileType = sourcecode.swift; path = MenuRouter.swift; sourceTree = "<group>"; };
		F693733125F4055700494011 /* MenuAssembly.swift */ = {isa = PBXFileReference; lastKnownFileType = sourcecode.swift; path = MenuAssembly.swift; sourceTree = "<group>"; };
		F693733525F409DD00494011 /* ProductViewController.swift */ = {isa = PBXFileReference; fileEncoding = 4; lastKnownFileType = sourcecode.swift; path = ProductViewController.swift; sourceTree = "<group>"; };
		F693733825F409F900494011 /* ProductViewControllerProtocol.swift */ = {isa = PBXFileReference; fileEncoding = 4; lastKnownFileType = sourcecode.swift; path = ProductViewControllerProtocol.swift; sourceTree = "<group>"; };
		F693734025F40BEA00494011 /* ProductPresenter.swift */ = {isa = PBXFileReference; fileEncoding = 4; lastKnownFileType = sourcecode.swift; path = ProductPresenter.swift; sourceTree = "<group>"; };
		F693734325F40BFF00494011 /* ProductPresenterProtocol.swift */ = {isa = PBXFileReference; fileEncoding = 4; lastKnownFileType = sourcecode.swift; path = ProductPresenterProtocol.swift; sourceTree = "<group>"; };
		F693734625F40C1800494011 /* ProductInteractor.swift */ = {isa = PBXFileReference; fileEncoding = 4; lastKnownFileType = sourcecode.swift; path = ProductInteractor.swift; sourceTree = "<group>"; };
		F693734925F40C2A00494011 /* ProductInteractorProtocol.swift */ = {isa = PBXFileReference; fileEncoding = 4; lastKnownFileType = sourcecode.swift; path = ProductInteractorProtocol.swift; sourceTree = "<group>"; };
		F693735225F40C7500494011 /* ProductAssembly.swift */ = {isa = PBXFileReference; fileEncoding = 4; lastKnownFileType = sourcecode.swift; path = ProductAssembly.swift; sourceTree = "<group>"; };
		F693912A25F697DD0039068E /* UIView + Extension.swift */ = {isa = PBXFileReference; lastKnownFileType = sourcecode.swift; path = "UIView + Extension.swift"; sourceTree = "<group>"; };
		F6BCB7B725FF45ED00DD0A1D /* OrderViewController.swift */ = {isa = PBXFileReference; lastKnownFileType = sourcecode.swift; path = OrderViewController.swift; sourceTree = "<group>"; };
		F6BCB7BA25FF460300DD0A1D /* OrderViewControllerProtocol.swift */ = {isa = PBXFileReference; lastKnownFileType = sourcecode.swift; path = OrderViewControllerProtocol.swift; sourceTree = "<group>"; };
		F6BCB7BD25FF461200DD0A1D /* OrderPresenterProtocol.swift */ = {isa = PBXFileReference; lastKnownFileType = sourcecode.swift; path = OrderPresenterProtocol.swift; sourceTree = "<group>"; };
		F6BCB7C025FF464500DD0A1D /* OrderPresenter.swift */ = {isa = PBXFileReference; lastKnownFileType = sourcecode.swift; path = OrderPresenter.swift; sourceTree = "<group>"; };
		F6BCB7C325FF465F00DD0A1D /* OrderInteractorProtocol.swift */ = {isa = PBXFileReference; lastKnownFileType = sourcecode.swift; path = OrderInteractorProtocol.swift; sourceTree = "<group>"; };
		F6BCB7C625FF467500DD0A1D /* OrderInteractor.swift */ = {isa = PBXFileReference; lastKnownFileType = sourcecode.swift; path = OrderInteractor.swift; sourceTree = "<group>"; };
		F6BCB7C925FF468C00DD0A1D /* OrderRouterProtocol.swift */ = {isa = PBXFileReference; lastKnownFileType = sourcecode.swift; path = OrderRouterProtocol.swift; sourceTree = "<group>"; };
		F6BCB7CC25FF46AC00DD0A1D /* OrderRouter.swift */ = {isa = PBXFileReference; lastKnownFileType = sourcecode.swift; path = OrderRouter.swift; sourceTree = "<group>"; };
		F6BCB7CF25FF46C000DD0A1D /* OrderAssembly.swift */ = {isa = PBXFileReference; lastKnownFileType = sourcecode.swift; path = OrderAssembly.swift; sourceTree = "<group>"; };
		F6BCB7D525FF56A100DD0A1D /* UserInfoView.swift */ = {isa = PBXFileReference; lastKnownFileType = sourcecode.swift; path = UserInfoView.swift; sourceTree = "<group>"; };
		F6BCB7D825FF5C0F00DD0A1D /* UITextField + Extension.swift */ = {isa = PBXFileReference; lastKnownFileType = sourcecode.swift; path = "UITextField + Extension.swift"; sourceTree = "<group>"; };
		F6BCB7DC25FF635400DD0A1D /* UserInfo.swift */ = {isa = PBXFileReference; lastKnownFileType = sourcecode.swift; path = UserInfo.swift; sourceTree = "<group>"; };
		F6BCB7DF25FF803A00DD0A1D /* OrderInfo.swift */ = {isa = PBXFileReference; lastKnownFileType = sourcecode.swift; path = OrderInfo.swift; sourceTree = "<group>"; };
/* End PBXFileReference section */

/* Begin PBXFrameworksBuildPhase section */
		F69372F225F36FEA00494011 /* Frameworks */ = {
			isa = PBXFrameworksBuildPhase;
			buildActionMask = 2147483647;
			files = (
				C9EBDE53C3D6FCE12B4C3DCE /* Pods_FoodDelivery.framework in Frameworks */,
			);
			runOnlyForDeploymentPostprocessing = 0;
		};
/* End PBXFrameworksBuildPhase section */

/* Begin PBXGroup section */
		25978EF08F9038AF258E804C /* Pods */ = {
			isa = PBXGroup;
			children = (
				D89686553799BC382B066848 /* Pods-FoodDelivery.debug.xcconfig */,
				F448661929E52EE11C3E72CB /* Pods-FoodDelivery.release.xcconfig */,
			);
			path = Pods;
			sourceTree = "<group>";
		};
		829A86D659A80C0ACFF3355C /* Frameworks */ = {
			isa = PBXGroup;
			children = (
				418735F5CFEE1277BD02358E /* Pods_FoodDelivery.framework */,
			);
			name = Frameworks;
			sourceTree = "<group>";
		};
		F63C981725FB6B290052C0B8 /* Protocols */ = {
			isa = PBXGroup;
			children = (
				F63C97F825FB6A7C0052C0B8 /* CartViewControllerProtocol.swift */,
				F63C97FB25FB6A8D0052C0B8 /* CartPresenterProtocol.swift */,
				F63C97FE25FB6A9E0052C0B8 /* CartInteractorProtocol.swift */,
				F63C980525FB6ACB0052C0B8 /* CartRouterProtocol.swift */,
				F63C980825FB6AE10052C0B8 /* CartAssemblyProtocol.swift */,
			);
			path = Protocols;
			sourceTree = "<group>";
		};
		F63C981925FB70000052C0B8 /* Views */ = {
			isa = PBXGroup;
			children = (
				F63C981A25FB70200052C0B8 /* CartTableViewCell.swift */,
				F63C982725FBD9140052C0B8 /* CartCheckoutView.swift */,
			);
			path = Views;
			sourceTree = "<group>";
		};
		F63C982325FB82DA0052C0B8 /* Entities */ = {
			isa = PBXGroup;
			children = (
				F63C982425FB82EC0052C0B8 /* CartProduct.swift */,
			);
			path = Entities;
			sourceTree = "<group>";
		};
		F63FD57425F5346300C43CCF /* Views */ = {
			isa = PBXGroup;
			children = (
				F63FD57525F535AA00C43CCF /* ScrollableHorizontalStackView.swift */,
				F6788B4025F7CC0C00D5FE22 /* ProductTableViewCell.swift */,
			);
			path = Views;
			sourceTree = "<group>";
		};
		F66246B525FE98FC00095A8B /* Extensions */ = {
			isa = PBXGroup;
			children = (
				F693912A25F697DD0039068E /* UIView + Extension.swift */,
				F6BCB7D825FF5C0F00DD0A1D /* UITextField + Extension.swift */,
			);
			path = Extensions;
			sourceTree = "<group>";
		};
		F6788B4425F7F35C00D5FE22 /* Entities */ = {
			isa = PBXGroup;
			children = (
				F6788B3725F7495000D5FE22 /* ProductTypeButton.swift */,
				F6788B4525F7F41500D5FE22 /* MenuProduct.swift */,
				F685EDFE25FA3E5B00493CB9 /* ProductTypes.swift */,
			);
			path = Entities;
			sourceTree = "<group>";
		};
		F685EE0125FA496F00493CB9 /* Services */ = {
			isa = PBXGroup;
			children = (
				F685EE0225FA499300493CB9 /* ServerService.swift */,
				F685EE1B25FA49A600493CB9 /* StorageService.swift */,
			);
			path = Services;
			sourceTree = "<group>";
		};
		F69372EC25F36FEA00494011 = {
			isa = PBXGroup;
			children = (
				F69372F725F36FEA00494011 /* FoodDelivery */,
				F69372F625F36FEA00494011 /* Products */,
				25978EF08F9038AF258E804C /* Pods */,
				829A86D659A80C0ACFF3355C /* Frameworks */,
			);
			sourceTree = "<group>";
		};
		F69372F625F36FEA00494011 /* Products */ = {
			isa = PBXGroup;
			children = (
				F69372F525F36FEA00494011 /* FoodDelivery.app */,
			);
			name = Products;
			sourceTree = "<group>";
		};
		F69372F725F36FEA00494011 /* FoodDelivery */ = {
			isa = PBXGroup;
			children = (
				F685EE1E25FA806800493CB9 /* MainTabBarController.swift */,
				F693730E25F3F30B00494011 /* Application */,
				F685EE0125FA496F00493CB9 /* Services */,
				F66246B525FE98FC00095A8B /* Extensions */,
				F693733F25F40B9400494011 /* Modules */,
				F693730125F36FEB00494011 /* Assets.xcassets */,
				F693730325F36FEB00494011 /* LaunchScreen.storyboard */,
				F685EDFB25FA3D1700493CB9 /* GoogleService-Info.plist */,
				F693730625F36FEB00494011 /* Info.plist */,
			);
			path = FoodDelivery;
			sourceTree = "<group>";
		};
		F693730E25F3F30B00494011 /* Application */ = {
			isa = PBXGroup;
			children = (
				F69372F825F36FEA00494011 /* AppDelegate.swift */,
				F69372FA25F36FEA00494011 /* SceneDelegate.swift */,
			);
			path = Application;
			sourceTree = "<group>";
		};
		F693730F25F3F33400494011 /* Menu */ = {
			isa = PBXGroup;
			children = (
				F6788B3A25F7B7B900D5FE22 /* MenuConstants.swift */,
				F685EE2525FA953700493CB9 /* MenuEnumerations.swift */,
				F6788B4425F7F35C00D5FE22 /* Entities */,
				F63FD57425F5346300C43CCF /* Views */,
				F693737825F414AE00494011 /* Protocols */,
				F693731525F403C300494011 /* MenuViewController.swift */,
				F693731F25F4042900494011 /* MenuPresenter.swift */,
				F693732525F4047600494011 /* MenuInteractor.swift */,
				F693732B25F404AF00494011 /* MenuRouter.swift */,
				F693733125F4055700494011 /* MenuAssembly.swift */,
			);
			path = Menu;
			sourceTree = "<group>";
		};
		F693731025F3F4D900494011 /* Product */ = {
			isa = PBXGroup;
			children = (
				F693737925F414B800494011 /* Protocols */,
				F693733525F409DD00494011 /* ProductViewController.swift */,
				F693734025F40BEA00494011 /* ProductPresenter.swift */,
				F693734625F40C1800494011 /* ProductInteractor.swift */,
				F693735225F40C7500494011 /* ProductAssembly.swift */,
				F63C97F125FB43710052C0B8 /* ProductStorageService.swift */,
			);
			path = Product;
			sourceTree = "<group>";
		};
		F693731325F3F92800494011 /* Cart */ = {
			isa = PBXGroup;
			children = (
				F63C981F25FB7DD20052C0B8 /* CartEnumerations.swift */,
				F63C982325FB82DA0052C0B8 /* Entities */,
				F63C981925FB70000052C0B8 /* Views */,
				F63C981725FB6B290052C0B8 /* Protocols */,
				F685EE2125FA83BA00493CB9 /* CartViewController.swift */,
				F63C980B25FB6AF90052C0B8 /* CartPresenter.swift */,
				F63C980E25FB6B080052C0B8 /* CartInteractor.swift */,
				F63C981125FB6B130052C0B8 /* CartRouter.swift */,
				F63C981425FB6B1E0052C0B8 /* CartAssembly.swift */,
			);
			path = Cart;
			sourceTree = "<group>";
		};
		F693731425F3FE6300494011 /* Order */ = {
			isa = PBXGroup;
			children = (
				F6BCB7DB25FF633E00DD0A1D /* Entities */,
				F6BCB7D425FF55A100DD0A1D /* Views */,
				F6BCB7D225FF46D900DD0A1D /* Protocols */,
				F6BCB7B725FF45ED00DD0A1D /* OrderViewController.swift */,
				F6BCB7C025FF464500DD0A1D /* OrderPresenter.swift */,
				F6BCB7C625FF467500DD0A1D /* OrderInteractor.swift */,
				F6BCB7CC25FF46AC00DD0A1D /* OrderRouter.swift */,
				F6BCB7CF25FF46C000DD0A1D /* OrderAssembly.swift */,
			);
			path = Order;
			sourceTree = "<group>";
		};
		F693733F25F40B9400494011 /* Modules */ = {
			isa = PBXGroup;
			children = (
				F693730F25F3F33400494011 /* Menu */,
				F693731025F3F4D900494011 /* Product */,
				F693731325F3F92800494011 /* Cart */,
				F693731425F3FE6300494011 /* Order */,
			);
			path = Modules;
			sourceTree = "<group>";
		};
		F693737825F414AE00494011 /* Protocols */ = {
			isa = PBXGroup;
			children = (
				F693731925F403E700494011 /* MenuViewControllerProtocol.swift */,
				F693731C25F4041200494011 /* MenuPresenterProtocol.swift */,
				F693732225F4045F00494011 /* MenuInteractorProtocol.swift */,
				F693732825F4049B00494011 /* MenuRouterProtocol.swift */,
			);
			path = Protocols;
			sourceTree = "<group>";
		};
		F693737925F414B800494011 /* Protocols */ = {
			isa = PBXGroup;
			children = (
				F693733825F409F900494011 /* ProductViewControllerProtocol.swift */,
				F693734325F40BFF00494011 /* ProductPresenterProtocol.swift */,
				F693734925F40C2A00494011 /* ProductInteractorProtocol.swift */,
				F63C97F525FB51D80052C0B8 /* ProductViewControllerDelegate.swift */,
			);
			path = Protocols;
			sourceTree = "<group>";
		};
		F6BCB7D225FF46D900DD0A1D /* Protocols */ = {
			isa = PBXGroup;
			children = (
				F6BCB7BA25FF460300DD0A1D /* OrderViewControllerProtocol.swift */,
				F6BCB7BD25FF461200DD0A1D /* OrderPresenterProtocol.swift */,
				F6BCB7C325FF465F00DD0A1D /* OrderInteractorProtocol.swift */,
				F6BCB7C925FF468C00DD0A1D /* OrderRouterProtocol.swift */,
				F67D4BA025FFCD5000F52AFB /* OrderViewControllerDelegate.swift */,
			);
			path = Protocols;
			sourceTree = "<group>";
		};
		F6BCB7D425FF55A100DD0A1D /* Views */ = {
			isa = PBXGroup;
			children = (
				F6BCB7D525FF56A100DD0A1D /* UserInfoView.swift */,
			);
			path = Views;
			sourceTree = "<group>";
		};
		F6BCB7DB25FF633E00DD0A1D /* Entities */ = {
			isa = PBXGroup;
			children = (
				F6BCB7DC25FF635400DD0A1D /* UserInfo.swift */,
				F6BCB7DF25FF803A00DD0A1D /* OrderInfo.swift */,
			);
			path = Entities;
			sourceTree = "<group>";
		};
/* End PBXGroup section */

/* Begin PBXNativeTarget section */
		F69372F425F36FEA00494011 /* FoodDelivery */ = {
			isa = PBXNativeTarget;
			buildConfigurationList = F693730925F36FEB00494011 /* Build configuration list for PBXNativeTarget "FoodDelivery" */;
			buildPhases = (
				396BC13686EA749A9ACBB0D7 /* [CP] Check Pods Manifest.lock */,
				F69372F125F36FEA00494011 /* Sources */,
				F69372F225F36FEA00494011 /* Frameworks */,
				F69372F325F36FEA00494011 /* Resources */,
				9148BC1D3C029FDBC22A5E69 /* [CP] Embed Pods Frameworks */,
			);
			buildRules = (
			);
			dependencies = (
			);
			name = FoodDelivery;
			productName = FoodDelivery;
			productReference = F69372F525F36FEA00494011 /* FoodDelivery.app */;
			productType = "com.apple.product-type.application";
		};
/* End PBXNativeTarget section */

/* Begin PBXProject section */
		F69372ED25F36FEA00494011 /* Project object */ = {
			isa = PBXProject;
			attributes = {
				LastSwiftUpdateCheck = 1240;
				LastUpgradeCheck = 1240;
				TargetAttributes = {
					F69372F425F36FEA00494011 = {
						CreatedOnToolsVersion = 12.4;
					};
				};
			};
			buildConfigurationList = F69372F025F36FEA00494011 /* Build configuration list for PBXProject "FoodDelivery" */;
			compatibilityVersion = "Xcode 9.3";
			developmentRegion = en;
			hasScannedForEncodings = 0;
			knownRegions = (
				en,
				Base,
			);
			mainGroup = F69372EC25F36FEA00494011;
			productRefGroup = F69372F625F36FEA00494011 /* Products */;
			projectDirPath = "";
			projectRoot = "";
			targets = (
				F69372F425F36FEA00494011 /* FoodDelivery */,
			);
		};
/* End PBXProject section */

/* Begin PBXResourcesBuildPhase section */
		F69372F325F36FEA00494011 /* Resources */ = {
			isa = PBXResourcesBuildPhase;
			buildActionMask = 2147483647;
			files = (
				F693730525F36FEB00494011 /* LaunchScreen.storyboard in Resources */,
				F693730225F36FEB00494011 /* Assets.xcassets in Resources */,
				F685EDFC25FA3D1700493CB9 /* GoogleService-Info.plist in Resources */,
			);
			runOnlyForDeploymentPostprocessing = 0;
		};
/* End PBXResourcesBuildPhase section */

/* Begin PBXShellScriptBuildPhase section */
		396BC13686EA749A9ACBB0D7 /* [CP] Check Pods Manifest.lock */ = {
			isa = PBXShellScriptBuildPhase;
			buildActionMask = 2147483647;
			files = (
			);
			inputFileListPaths = (
			);
			inputPaths = (
				"${PODS_PODFILE_DIR_PATH}/Podfile.lock",
				"${PODS_ROOT}/Manifest.lock",
			);
			name = "[CP] Check Pods Manifest.lock";
			outputFileListPaths = (
			);
			outputPaths = (
				"$(DERIVED_FILE_DIR)/Pods-FoodDelivery-checkManifestLockResult.txt",
			);
			runOnlyForDeploymentPostprocessing = 0;
			shellPath = /bin/sh;
			shellScript = "diff \"${PODS_PODFILE_DIR_PATH}/Podfile.lock\" \"${PODS_ROOT}/Manifest.lock\" > /dev/null\nif [ $? != 0 ] ; then\n    # print error to STDERR\n    echo \"error: The sandbox is not in sync with the Podfile.lock. Run 'pod install' or update your CocoaPods installation.\" >&2\n    exit 1\nfi\n# This output is used by Xcode 'outputs' to avoid re-running this script phase.\necho \"SUCCESS\" > \"${SCRIPT_OUTPUT_FILE_0}\"\n";
			showEnvVarsInLog = 0;
		};
		9148BC1D3C029FDBC22A5E69 /* [CP] Embed Pods Frameworks */ = {
			isa = PBXShellScriptBuildPhase;
			buildActionMask = 2147483647;
			files = (
			);
			inputFileListPaths = (
				"${PODS_ROOT}/Target Support Files/Pods-FoodDelivery/Pods-FoodDelivery-frameworks-${CONFIGURATION}-input-files.xcfilelist",
			);
			name = "[CP] Embed Pods Frameworks";
			outputFileListPaths = (
				"${PODS_ROOT}/Target Support Files/Pods-FoodDelivery/Pods-FoodDelivery-frameworks-${CONFIGURATION}-output-files.xcfilelist",
			);
			runOnlyForDeploymentPostprocessing = 0;
			shellPath = /bin/sh;
			shellScript = "\"${PODS_ROOT}/Target Support Files/Pods-FoodDelivery/Pods-FoodDelivery-frameworks.sh\"\n";
			showEnvVarsInLog = 0;
		};
/* End PBXShellScriptBuildPhase section */

/* Begin PBXSourcesBuildPhase section */
		F69372F125F36FEA00494011 /* Sources */ = {
			isa = PBXSourcesBuildPhase;
			buildActionMask = 2147483647;
			files = (
				F63C97F925FB6A7C0052C0B8 /* CartViewControllerProtocol.swift in Sources */,
				F693732625F4047600494011 /* MenuInteractor.swift in Sources */,
				F63C981225FB6B130052C0B8 /* CartRouter.swift in Sources */,
				F693731A25F403E700494011 /* MenuViewControllerProtocol.swift in Sources */,
				F693734A25F40C2A00494011 /* ProductInteractorProtocol.swift in Sources */,
				F6BCB7C425FF465F00DD0A1D /* OrderInteractorProtocol.swift in Sources */,
				F63C980C25FB6AF90052C0B8 /* CartPresenter.swift in Sources */,
				F63C981B25FB70200052C0B8 /* CartTableViewCell.swift in Sources */,
				F63C980F25FB6B080052C0B8 /* CartInteractor.swift in Sources */,
				F6BCB7D625FF56A100DD0A1D /* UserInfoView.swift in Sources */,
				F693735325F40C7500494011 /* ProductAssembly.swift in Sources */,
				F685EE0325FA499300493CB9 /* ServerService.swift in Sources */,
				F6BCB7CA25FF468C00DD0A1D /* OrderRouterProtocol.swift in Sources */,
				F693734425F40BFF00494011 /* ProductPresenterProtocol.swift in Sources */,
				F63C97FC25FB6A8D0052C0B8 /* CartPresenterProtocol.swift in Sources */,
				F6BCB7D925FF5C0F00DD0A1D /* UITextField + Extension.swift in Sources */,
				F6BCB7C725FF467500DD0A1D /* OrderInteractor.swift in Sources */,
				F6788B4625F7F41500D5FE22 /* MenuProduct.swift in Sources */,
				F693732325F4045F00494011 /* MenuInteractorProtocol.swift in Sources */,
				F6BCB7DD25FF635400DD0A1D /* UserInfo.swift in Sources */,
				F693733625F409DD00494011 /* ProductViewController.swift in Sources */,
				F6BCB7CD25FF46AC00DD0A1D /* OrderRouter.swift in Sources */,
				F63C97FF25FB6A9E0052C0B8 /* CartInteractorProtocol.swift in Sources */,
				F6788B4125F7CC0C00D5FE22 /* ProductTableViewCell.swift in Sources */,
				F685EE2225FA83BA00493CB9 /* CartViewController.swift in Sources */,
				F63C982025FB7DD20052C0B8 /* CartEnumerations.swift in Sources */,
				F63C982825FBD9140052C0B8 /* CartCheckoutView.swift in Sources */,
				F63C980625FB6ACB0052C0B8 /* CartRouterProtocol.swift in Sources */,
				F693733925F409F900494011 /* ProductViewControllerProtocol.swift in Sources */,
				F6BCB7BB25FF460300DD0A1D /* OrderViewControllerProtocol.swift in Sources */,
				F69372F925F36FEA00494011 /* AppDelegate.swift in Sources */,
				F69372FB25F36FEA00494011 /* SceneDelegate.swift in Sources */,
				F6BCB7E025FF803A00DD0A1D /* OrderInfo.swift in Sources */,
				F693731625F403C300494011 /* MenuViewController.swift in Sources */,
				F693734725F40C1800494011 /* ProductInteractor.swift in Sources */,
				F63C982525FB82EC0052C0B8 /* CartProduct.swift in Sources */,
				F6788B3B25F7B7B900D5FE22 /* MenuConstants.swift in Sources */,
				F6BCB7BE25FF461200DD0A1D /* OrderPresenterProtocol.swift in Sources */,
				F693912B25F697DD0039068E /* UIView + Extension.swift in Sources */,
				F693731D25F4041200494011 /* MenuPresenterProtocol.swift in Sources */,
				F63C97F225FB43710052C0B8 /* ProductStorageService.swift in Sources */,
				F6788B3825F7495000D5FE22 /* ProductTypeButton.swift in Sources */,
				F693734125F40BEA00494011 /* ProductPresenter.swift in Sources */,
				F685EE1C25FA49A600493CB9 /* StorageService.swift in Sources */,
				F685EDFF25FA3E5B00493CB9 /* ProductTypes.swift in Sources */,
				F693732C25F404AF00494011 /* MenuRouter.swift in Sources */,
				F693733225F4055700494011 /* MenuAssembly.swift in Sources */,
				F6BCB7D025FF46C000DD0A1D /* OrderAssembly.swift in Sources */,
				F63FD57625F535AA00C43CCF /* ScrollableHorizontalStackView.swift in Sources */,
				F693732025F4042900494011 /* MenuPresenter.swift in Sources */,
				F63C980925FB6AE10052C0B8 /* CartAssemblyProtocol.swift in Sources */,
				F685EE1F25FA806800493CB9 /* MainTabBarController.swift in Sources */,
				F67D4BA125FFCD5000F52AFB /* OrderViewControllerDelegate.swift in Sources */,
				F6BCB7B825FF45ED00DD0A1D /* OrderViewController.swift in Sources */,
				F63C981525FB6B1E0052C0B8 /* CartAssembly.swift in Sources */,
				F6BCB7C125FF464500DD0A1D /* OrderPresenter.swift in Sources */,
				F693732925F4049B00494011 /* MenuRouterProtocol.swift in Sources */,
				F685EE2625FA953700493CB9 /* MenuEnumerations.swift in Sources */,
				F63C97F625FB51D80052C0B8 /* ProductViewControllerDelegate.swift in Sources */,
			);
			runOnlyForDeploymentPostprocessing = 0;
		};
/* End PBXSourcesBuildPhase section */

/* Begin PBXVariantGroup section */
		F693730325F36FEB00494011 /* LaunchScreen.storyboard */ = {
			isa = PBXVariantGroup;
			children = (
				F693730425F36FEB00494011 /* Base */,
			);
			name = LaunchScreen.storyboard;
			sourceTree = "<group>";
		};
/* End PBXVariantGroup section */

/* Begin XCBuildConfiguration section */
		F693730725F36FEB00494011 /* Debug */ = {
			isa = XCBuildConfiguration;
			buildSettings = {
				ALWAYS_SEARCH_USER_PATHS = NO;
				CLANG_ANALYZER_NONNULL = YES;
				CLANG_ANALYZER_NUMBER_OBJECT_CONVERSION = YES_AGGRESSIVE;
				CLANG_CXX_LANGUAGE_STANDARD = "gnu++14";
				CLANG_CXX_LIBRARY = "libc++";
				CLANG_ENABLE_MODULES = YES;
				CLANG_ENABLE_OBJC_ARC = YES;
				CLANG_ENABLE_OBJC_WEAK = YES;
				CLANG_WARN_BLOCK_CAPTURE_AUTORELEASING = YES;
				CLANG_WARN_BOOL_CONVERSION = YES;
				CLANG_WARN_COMMA = YES;
				CLANG_WARN_CONSTANT_CONVERSION = YES;
				CLANG_WARN_DEPRECATED_OBJC_IMPLEMENTATIONS = YES;
				CLANG_WARN_DIRECT_OBJC_ISA_USAGE = YES_ERROR;
				CLANG_WARN_DOCUMENTATION_COMMENTS = YES;
				CLANG_WARN_EMPTY_BODY = YES;
				CLANG_WARN_ENUM_CONVERSION = YES;
				CLANG_WARN_INFINITE_RECURSION = YES;
				CLANG_WARN_INT_CONVERSION = YES;
				CLANG_WARN_NON_LITERAL_NULL_CONVERSION = YES;
				CLANG_WARN_OBJC_IMPLICIT_RETAIN_SELF = YES;
				CLANG_WARN_OBJC_LITERAL_CONVERSION = YES;
				CLANG_WARN_OBJC_ROOT_CLASS = YES_ERROR;
				CLANG_WARN_QUOTED_INCLUDE_IN_FRAMEWORK_HEADER = YES;
				CLANG_WARN_RANGE_LOOP_ANALYSIS = YES;
				CLANG_WARN_STRICT_PROTOTYPES = YES;
				CLANG_WARN_SUSPICIOUS_MOVE = YES;
				CLANG_WARN_UNGUARDED_AVAILABILITY = YES_AGGRESSIVE;
				CLANG_WARN_UNREACHABLE_CODE = YES;
				CLANG_WARN__DUPLICATE_METHOD_MATCH = YES;
				COPY_PHASE_STRIP = NO;
				DEBUG_INFORMATION_FORMAT = dwarf;
				ENABLE_STRICT_OBJC_MSGSEND = YES;
				ENABLE_TESTABILITY = YES;
				GCC_C_LANGUAGE_STANDARD = gnu11;
				GCC_DYNAMIC_NO_PIC = NO;
				GCC_NO_COMMON_BLOCKS = YES;
				GCC_OPTIMIZATION_LEVEL = 0;
				GCC_PREPROCESSOR_DEFINITIONS = (
					"DEBUG=1",
					"$(inherited)",
				);
				GCC_WARN_64_TO_32_BIT_CONVERSION = YES;
				GCC_WARN_ABOUT_RETURN_TYPE = YES_ERROR;
				GCC_WARN_UNDECLARED_SELECTOR = YES;
				GCC_WARN_UNINITIALIZED_AUTOS = YES_AGGRESSIVE;
				GCC_WARN_UNUSED_FUNCTION = YES;
				GCC_WARN_UNUSED_VARIABLE = YES;
				IPHONEOS_DEPLOYMENT_TARGET = 14.4;
				MTL_ENABLE_DEBUG_INFO = INCLUDE_SOURCE;
				MTL_FAST_MATH = YES;
				ONLY_ACTIVE_ARCH = YES;
				SDKROOT = iphoneos;
				SWIFT_ACTIVE_COMPILATION_CONDITIONS = DEBUG;
				SWIFT_OPTIMIZATION_LEVEL = "-Onone";
			};
			name = Debug;
		};
		F693730825F36FEB00494011 /* Release */ = {
			isa = XCBuildConfiguration;
			buildSettings = {
				ALWAYS_SEARCH_USER_PATHS = NO;
				CLANG_ANALYZER_NONNULL = YES;
				CLANG_ANALYZER_NUMBER_OBJECT_CONVERSION = YES_AGGRESSIVE;
				CLANG_CXX_LANGUAGE_STANDARD = "gnu++14";
				CLANG_CXX_LIBRARY = "libc++";
				CLANG_ENABLE_MODULES = YES;
				CLANG_ENABLE_OBJC_ARC = YES;
				CLANG_ENABLE_OBJC_WEAK = YES;
				CLANG_WARN_BLOCK_CAPTURE_AUTORELEASING = YES;
				CLANG_WARN_BOOL_CONVERSION = YES;
				CLANG_WARN_COMMA = YES;
				CLANG_WARN_CONSTANT_CONVERSION = YES;
				CLANG_WARN_DEPRECATED_OBJC_IMPLEMENTATIONS = YES;
				CLANG_WARN_DIRECT_OBJC_ISA_USAGE = YES_ERROR;
				CLANG_WARN_DOCUMENTATION_COMMENTS = YES;
				CLANG_WARN_EMPTY_BODY = YES;
				CLANG_WARN_ENUM_CONVERSION = YES;
				CLANG_WARN_INFINITE_RECURSION = YES;
				CLANG_WARN_INT_CONVERSION = YES;
				CLANG_WARN_NON_LITERAL_NULL_CONVERSION = YES;
				CLANG_WARN_OBJC_IMPLICIT_RETAIN_SELF = YES;
				CLANG_WARN_OBJC_LITERAL_CONVERSION = YES;
				CLANG_WARN_OBJC_ROOT_CLASS = YES_ERROR;
				CLANG_WARN_QUOTED_INCLUDE_IN_FRAMEWORK_HEADER = YES;
				CLANG_WARN_RANGE_LOOP_ANALYSIS = YES;
				CLANG_WARN_STRICT_PROTOTYPES = YES;
				CLANG_WARN_SUSPICIOUS_MOVE = YES;
				CLANG_WARN_UNGUARDED_AVAILABILITY = YES_AGGRESSIVE;
				CLANG_WARN_UNREACHABLE_CODE = YES;
				CLANG_WARN__DUPLICATE_METHOD_MATCH = YES;
				COPY_PHASE_STRIP = NO;
				DEBUG_INFORMATION_FORMAT = "dwarf-with-dsym";
				ENABLE_NS_ASSERTIONS = NO;
				ENABLE_STRICT_OBJC_MSGSEND = YES;
				GCC_C_LANGUAGE_STANDARD = gnu11;
				GCC_NO_COMMON_BLOCKS = YES;
				GCC_WARN_64_TO_32_BIT_CONVERSION = YES;
				GCC_WARN_ABOUT_RETURN_TYPE = YES_ERROR;
				GCC_WARN_UNDECLARED_SELECTOR = YES;
				GCC_WARN_UNINITIALIZED_AUTOS = YES_AGGRESSIVE;
				GCC_WARN_UNUSED_FUNCTION = YES;
				GCC_WARN_UNUSED_VARIABLE = YES;
				IPHONEOS_DEPLOYMENT_TARGET = 14.4;
				MTL_ENABLE_DEBUG_INFO = NO;
				MTL_FAST_MATH = YES;
				SDKROOT = iphoneos;
				SWIFT_COMPILATION_MODE = wholemodule;
				SWIFT_OPTIMIZATION_LEVEL = "-O";
				VALIDATE_PRODUCT = YES;
			};
			name = Release;
		};
		F693730A25F36FEB00494011 /* Debug */ = {
			isa = XCBuildConfiguration;
			baseConfigurationReference = D89686553799BC382B066848 /* Pods-FoodDelivery.debug.xcconfig */;
			buildSettings = {
				ASSETCATALOG_COMPILER_APPICON_NAME = AppIcon;
				ASSETCATALOG_COMPILER_GLOBAL_ACCENT_COLOR_NAME = AccentColor;
				CODE_SIGN_STYLE = Automatic;
				DEVELOPMENT_TEAM = HD8574344G;
				INFOPLIST_FILE = FoodDelivery/Info.plist;
				IPHONEOS_DEPLOYMENT_TARGET = 13.0;
				LD_RUNPATH_SEARCH_PATHS = (
					"$(inherited)",
					"@executable_path/Frameworks",
				);
				PRODUCT_BUNDLE_IDENTIFIER = nikitagusev.FoodDelivery;
				PRODUCT_NAME = "$(TARGET_NAME)";
				SWIFT_VERSION = 5.0;
				TARGETED_DEVICE_FAMILY = "1,2";
			};
			name = Debug;
		};
		F693730B25F36FEB00494011 /* Release */ = {
			isa = XCBuildConfiguration;
			baseConfigurationReference = F448661929E52EE11C3E72CB /* Pods-FoodDelivery.release.xcconfig */;
			buildSettings = {
				ASSETCATALOG_COMPILER_APPICON_NAME = AppIcon;
				ASSETCATALOG_COMPILER_GLOBAL_ACCENT_COLOR_NAME = AccentColor;
				CODE_SIGN_STYLE = Automatic;
				DEVELOPMENT_TEAM = HD8574344G;
				INFOPLIST_FILE = FoodDelivery/Info.plist;
				IPHONEOS_DEPLOYMENT_TARGET = 13.0;
				LD_RUNPATH_SEARCH_PATHS = (
					"$(inherited)",
					"@executable_path/Frameworks",
				);
				PRODUCT_BUNDLE_IDENTIFIER = nikitagusev.FoodDelivery;
				PRODUCT_NAME = "$(TARGET_NAME)";
				SWIFT_VERSION = 5.0;
				TARGETED_DEVICE_FAMILY = "1,2";
			};
			name = Release;
		};
/* End XCBuildConfiguration section */

/* Begin XCConfigurationList section */
		F69372F025F36FEA00494011 /* Build configuration list for PBXProject "FoodDelivery" */ = {
			isa = XCConfigurationList;
			buildConfigurations = (
				F693730725F36FEB00494011 /* Debug */,
				F693730825F36FEB00494011 /* Release */,
			);
			defaultConfigurationIsVisible = 0;
			defaultConfigurationName = Release;
		};
		F693730925F36FEB00494011 /* Build configuration list for PBXNativeTarget "FoodDelivery" */ = {
			isa = XCConfigurationList;
			buildConfigurations = (
				F693730A25F36FEB00494011 /* Debug */,
				F693730B25F36FEB00494011 /* Release */,
			);
			defaultConfigurationIsVisible = 0;
			defaultConfigurationName = Release;
		};
/* End XCConfigurationList section */
	};
	rootObject = F69372ED25F36FEA00494011 /* Project object */;
}
